
Microsoft Visual Studio Solution File, Format Version 12.00
# Visual Studio Version 17
VisualStudioVersion = 17.0.32014.148
MinimumVisualStudioVersion = 10.0.40219.1
Project("{FAE04EC0-301F-11D3-BF4B-00C04F79EFBC}") = "d00_ex00", "d00_ex00.csproj", "{113B0997-14FF-476D-A40D-13F33C689A4D}"
EndProject
Global
	GlobalSection(SolutionConfigurationPlatforms) = preSolution
		Debug|Any CPU = Debug|Any CPU
		Release|Any CPU = Release|Any CPU
	EndGlobalSection
	GlobalSection(ProjectConfigurationPlatforms) = postSolution
		{113B0997-14FF-476D-A40D-13F33C689A4D}.Debug|Any CPU.ActiveCfg = Debug|Any CPU
		{113B0997-14FF-476D-A40D-13F33C689A4D}.Debug|Any CPU.Build.0 = Debug|Any CPU
		{113B0997-14FF-476D-A40D-13F33C689A4D}.Release|Any CPU.ActiveCfg = Release|Any CPU
		{113B0997-14FF-476D-A40D-13F33C689A4D}.Release|Any CPU.Build.0 = Release|Any CPU
	EndGlobalSection
	GlobalSection(SolutionProperties) = preSolution
		HideSolutionNode = FALSE
	EndGlobalSection
	GlobalSection(ExtensibilityGlobals) = postSolution
		SolutionGuid = {982240E2-556E-4293-AD12-F401A59FA1A8}
	EndGlobalSection
EndGlobal
